Microsoft Visual Studio Solution File, Format Version 12.00
# 17
VisualStudioVersion = 17.11.35327.3
MinimumVisualStudioVersion = 10.0.40219.1
Project("{9A19103F-16F7-4668-BE54-9A1E7A4F7556}") = "Bitwarden_Autofill", "Bitwarden_Autofill.csproj", "{1C20E867-DDB4-494F-B480-A76C53FD5B4F}"
EndProject
Project("{2150E333-8FDC-42A3-9474-1A3956D46DE8}") = "Solution Items", "Solution Items", "{CD17203B-49A2-40E9-BC2D-EAD2CB1A2584}"
	ProjectSection(SolutionItems) = preProject
		.editorconfig = .editorconfig
		.xamlstyler = .xamlstyler
	EndProjectSection
EndProject
Global
	GlobalSection(SolutionConfigurationPlatforms) = preSolution
		Debug|ARM64 = Debug|ARM64
		Debug|x64 = Debug|x64
		Debug|x86 = Debug|x86
		Release|ARM64 = Release|ARM64
		Release|x64 = Release|x64
		Release|x86 = Release|x86
	EndGlobalSection
	GlobalSection(ProjectConfigurationPlatforms) = postSolution
		{1C20E867-DDB4-494F-B480-A76C53FD5B4F}.Debug|ARM64.ActiveCfg = Debug|ARM64
		{1C20E867-DDB4-494F-B480-A76C53FD5B4F}.Debug|ARM64.Build.0 = Debug|ARM64
		{1C20E867-DDB4-494F-B480-A76C53FD5B4F}.Debug|ARM64.Deploy.0 = Debug|ARM64
		{1C20E867-DDB4-494F-B480-A76C53FD5B4F}.Debug|x64.ActiveCfg = Debug|x64
		{1C20E867-DDB4-494F-B480-A76C53FD5B4F}.Debug|x64.Build.0 = Debug|x64
		{1C20E867-DDB4-494F-B480-A76C53FD5B4F}.Debug|x64.Deploy.0 = Debug|x64
		{1C20E867-DDB4-494F-B480-A76C53FD5B4F}.Debug|x86.ActiveCfg = Debug|x86
		{1C20E867-DDB4-494F-B480-A76C53FD5B4F}.Debug|x86.Build.0 = Debug|x86
		{1C20E867-DDB4-494F-B480-A76C53FD5B4F}.Debug|x86.Deploy.0 = Debug|x86
		{1C20E867-DDB4-494F-B480-A76C53FD5B4F}.Release|ARM64.ActiveCfg = Release|ARM64
		{1C20E867-DDB4-494F-B480-A76C53FD5B4F}.Release|ARM64.Build.0 = Release|ARM64
		{1C20E867-DDB4-494F-B480-A76C53FD5B4F}.Release|ARM64.Deploy.0 = Release|ARM64
		{1C20E867-DDB4-494F-B480-A76C53FD5B4F}.Release|x64.ActiveCfg = Release|x64
		{1C20E867-DDB4-494F-B480-A76C53FD5B4F}.Release|x64.Build.0 = Release|x64
		{1C20E867-DDB4-494F-B480-A76C53FD5B4F}.Release|x64.Deploy.0 = Release|x64
		{1C20E867-DDB4-494F-B480-A76C53FD5B4F}.Release|x86.ActiveCfg = Release|x86
		{1C20E867-DDB4-494F-B480-A76C53FD5B4F}.Release|x86.Build.0 = Release|x86
		{1C20E867-DDB4-494F-B480-A76C53FD5B4F}.Release|x86.Deploy.0 = Release|x86
	EndGlobalSection
	GlobalSection(SolutionProperties) = preSolution
		HideSolutionNode = FALSE
	EndGlobalSection
	GlobalSection(ExtensibilityGlobals) = postSolution
		SolutionGuid = {B50AEAC0-AE20-4785-A581-26D00959197A}
	EndGlobalSection
EndGlobal
